{
  "lockfileVersion": 1,
  "workspaces": {
    "": {
      "name": "stealthpay",
      "devDependencies": {
        "@types/bun": "^1.3.11",
        "turbo": "^2.3.0",
        "typescript": "^5.7.0",
      },
    },
    "apps/api": {
      "name": "stealthpay-api",
      "version": "0.1.0",
      "dependencies": {
        "@libsql/client": "^0.17.2",
        "hono": "^4.12.9",
        "stealthpay-tempo": "workspace:*",
        "viem": "^2.47.6",
      },
      "devDependencies": {
        "typescript": "^5.7.0",
      },
    },
    "apps/web": {
      "name": "stealthpay-web",
      "version": "0.1.0",
    },
    "packages/sdk": {
      "name": "stealthpay-tempo",
      "version": "0.1.0",
      "dependencies": {
        "@noble/hashes": "^1.7.0",
        "@noble/secp256k1": "^2.2.0",
        "viem": "^2.21.0",
      },
      "devDependencies": {
        "typescript": "^5.7.0",
      },
    },
  },
  "packages": {
    "@adraffy/ens-normalize": ["@adraffy/ens-normalize@1.11.1", "", {}, "sha512-nhCBV3quEgesuf7c7KYfperqSS14T8bYuvJ8PcLJp6znkZpFc0AuW4qBtr8eKVyPPe/8RSr7sglCWPU5eaxwKQ=="],

    "@libsql/client": ["@libsql/client@0.17.2", "", { "dependencies": { "@libsql/core": "^0.17.2", "@libsql/hrana-client": "^0.9.0", "js-base64": "^3.7.5", "libsql": "^0.5.28", "promise-limit": "^2.7.0" } }, "sha512-0aw0S3iQMHvOxfRt5j1atoCCPMT3gjsB2PS8/uxSM1DcDn39xqz6RlgSMxtP8I3JsxIXAFuw7S41baLEw0Zi+Q=="],

    "@libsql/core": ["@libsql/core@0.17.2", "", { "dependencies": { "js-base64": "^3.7.5" } }, "sha512-L8qv12HZ/jRBcETVR3rscP0uHNxh+K3EABSde6scCw7zfOdiLqO3MAkJaeE1WovPsjXzsN/JBoZED4+7EZVT3g=="],

    "@libsql/darwin-arm64": ["@libsql/darwin-arm64@0.5.29", "", { "os": "darwin", "cpu": "arm64" }, "sha512-K+2RIB1OGFPYQbfay48GakLhqf3ArcbHqPFu7EZiaUcRgFcdw8RoltsMyvbj5ix2fY0HV3Q3Ioa/ByvQdaSM0A=="],

    "@libsql/darwin-x64": ["@libsql/darwin-x64@0.5.29", "", { "os": "darwin", "cpu": "x64" }, "sha512-OtT+KFHsKFy1R5FVadr8FJ2Bb1mghtXTyJkxv0trocq7NuHntSki1eUbxpO5ezJesDvBlqFjnWaYYY516QNLhQ=="],

    "@libsql/hrana-client": ["@libsql/hrana-client@0.9.0", "", { "dependencies": { "@libsql/isomorphic-ws": "^0.1.5", "cross-fetch": "^4.0.0", "js-base64": "^3.7.5", "node-fetch": "^3.3.2" } }, "sha512-pxQ1986AuWfPX4oXzBvLwBnfgKDE5OMhAdR/5cZmRaB4Ygz5MecQybvwZupnRz341r2CtFmbk/BhSu7k2Lm+Jw=="],

    "@libsql/isomorphic-ws": ["@libsql/isomorphic-ws@0.1.5", "", { "dependencies": { "@types/ws": "^8.5.4", "ws": "^8.13.0" } }, "sha512-DtLWIH29onUYR00i0GlQ3UdcTRC6EP4u9w/h9LxpUZJWRMARk6dQwZ6Jkd+QdwVpuAOrdxt18v0K2uIYR3fwFg=="],

    "@libsql/linux-arm-gnueabihf": ["@libsql/linux-arm-gnueabihf@0.5.29", "", { "os": "linux", "cpu": "arm" }, "sha512-CD4n4zj7SJTHso4nf5cuMoWoMSS7asn5hHygsDuhRl8jjjCTT3yE+xdUvI4J7zsyb53VO5ISh4cwwOtf6k2UhQ=="],

    "@libsql/linux-arm-musleabihf": ["@libsql/linux-arm-musleabihf@0.5.29", "", { "os": "linux", "cpu": "arm" }, "sha512-2Z9qBVpEJV7OeflzIR3+l5yAd4uTOLxklScYTwpZnkm2vDSGlC1PRlueLaufc4EFITkLKXK2MWBpexuNJfMVcg=="],

    "@libsql/linux-arm64-gnu": ["@libsql/linux-arm64-gnu@0.5.29", "", { "os": "linux", "cpu": "arm64" }, "sha512-gURBqaiXIGGwFNEaUj8Ldk7Hps4STtG+31aEidCk5evMMdtsdfL3HPCpvys+ZF/tkOs2MWlRWoSq7SOuCE9k3w=="],

    "@libsql/linux-arm64-musl": ["@libsql/linux-arm64-musl@0.5.29", "", { "os": "linux", "cpu": "arm64" }, "sha512-fwgYZ0H8mUkyVqXZHF3mT/92iIh1N94Owi/f66cPVNsk9BdGKq5gVpoKO+7UxaNzuEH1roJp2QEwsCZMvBLpqg=="],

    "@libsql/linux-x64-gnu": ["@libsql/linux-x64-gnu@0.5.29", "", { "os": "linux", "cpu": "x64" }, "sha512-y14V0vY0nmMC6G0pHeJcEarcnGU2H6cm21ZceRkacWHvQAEhAG0latQkCtoS2njFOXiYIg+JYPfAoWKbi82rkg=="],

    "@libsql/linux-x64-musl": ["@libsql/linux-x64-musl@0.5.29", "", { "os": "linux", "cpu": "x64" }, "sha512-gquqwA/39tH4pFl+J9n3SOMSymjX+6kZ3kWgY3b94nXFTwac9bnFNMffIomgvlFaC4ArVqMnOZD3nuJ3H3VO1w=="],

    "@libsql/win32-x64-msvc": ["@libsql/win32-x64-msvc@0.5.29", "", { "os": "win32", "cpu": "x64" }, "sha512-4/0CvEdhi6+KjMxMaVbFM2n2Z44escBRoEYpR+gZg64DdetzGnYm8mcNLcoySaDJZNaBd6wz5DNdgRmcI4hXcg=="],

    "@neon-rs/load": ["@neon-rs/load@0.0.4", "", {}, "sha512-kTPhdZyTQxB+2wpiRcFWrDcejc4JI6tkPuS7UZCG4l6Zvc5kU/gGQ/ozvHTh1XR5tS+UlfAfGuPajjzQjCiHCw=="],

    "@noble/ciphers": ["@noble/ciphers@1.3.0", "", {}, "sha512-2I0gnIVPtfnMw9ee9h1dJG7tp81+8Ob3OJb3Mv37rx5L40/b0i7djjCVvGOVqc9AEIQyvyu1i6ypKdFw8R8gQw=="],

    "@noble/curves": ["@noble/curves@1.9.1", "", { "dependencies": { "@noble/hashes": "1.8.0" } }, "sha512-k11yZxZg+t+gWvBbIswW0yoJlu8cHOC7dhunwOzoWH/mXGBiYyR4YY6hAEK/3EUs4UpB8la1RfdRpeGsFHkWsA=="],

    "@noble/hashes": ["@noble/hashes@1.8.0", "", {}, "sha512-jCs9ldd7NwzpgXDIf6P3+NrHh9/sD6CQdxHyjQI+h/6rDNo88ypBxxz45UDuZHz9r3tNz7N/VInSVoVdtXEI4A=="],

    "@noble/secp256k1": ["@noble/secp256k1@2.3.0", "", {}, "sha512-0TQed2gcBbIrh7Ccyw+y/uZQvbJwm7Ao4scBUxqpBCcsOlZG0O4KGfjtNAy/li4W8n1xt3dxrwJ0beZ2h2G6Kw=="],

    "@scure/base": ["@scure/base@1.2.6", "", {}, "sha512-g/nm5FgUa//MCj1gV09zTJTaM6KBAHqLN907YVQqf7zC49+DcO4B1so4ZX07Ef10Twr6nuqYEH9GEggFXA4Fmg=="],

    "@scure/bip32": ["@scure/bip32@1.7.0", "", { "dependencies": { "@noble/curves": "~1.9.0", "@noble/hashes": "~1.8.0", "@scure/base": "~1.2.5" } }, "sha512-E4FFX/N3f4B80AKWp5dP6ow+flD1LQZo/w8UnLGYZO674jS6YnYeepycOOksv+vLPSpgN35wgKgy+ybfTb2SMw=="],

    "@scure/bip39": ["@scure/bip39@1.6.0", "", { "dependencies": { "@noble/hashes": "~1.8.0", "@scure/base": "~1.2.5" } }, "sha512-+lF0BbLiJNwVlev4eKelw1WWLaiKXw7sSl8T6FvBlWkdX+94aGJ4o8XjUdlyhTCjd8c+B3KT3JfS8P0bLRNU6A=="],

    "@turbo/darwin-64": ["@turbo/darwin-64@2.8.20", "", { "os": "darwin", "cpu": "x64" }, "sha512-FQ9EX1xMU5nbwjxXxM3yU88AQQ6Sqc6S44exPRroMcx9XZHqqppl5ymJF0Ig/z3nvQNwDmz1Gsnvxubo+nXWjQ=="],

    "@turbo/darwin-arm64": ["@turbo/darwin-arm64@2.8.20", "", { "os": "darwin", "cpu": "arm64" }, "sha512-Gpyh9ATFGThD6/s9L95YWY54cizg/VRWl2B67h0yofG8BpHf67DFAh9nuJVKG7bY0+SBJDAo5cMur+wOl9YOYw=="],

    "@turbo/linux-64": ["@turbo/linux-64@2.8.20", "", { "os": "linux", "cpu": "x64" }, "sha512-p2QxWUYyYUgUFG0b0kR+pPi8t7c9uaVlRtjTTI1AbCvVqkpjUfCcReBn6DgG/Hu8xrWdKLuyQFaLYFzQskZbcA=="],

    "@turbo/linux-arm64": ["@turbo/linux-arm64@2.8.20", "", { "os": "linux", "cpu": "arm64" }, "sha512-Gn5yjlZGLRZWarLWqdQzv0wMqyBNIdq1QLi48F1oY5Lo9kiohuf7BPQWtWxeNVS2NgJ1+nb/DzK1JduYC4AWOA=="],

    "@turbo/windows-64": ["@turbo/windows-64@2.8.20", "", { "os": "win32", "cpu": "x64" }, "sha512-vyaDpYk/8T6Qz5V/X+ihKvKFEZFUoC0oxYpC1sZanK6gaESJlmV3cMRT3Qhcg4D2VxvtC2Jjs9IRkrZGL+exLw=="],

    "@turbo/windows-arm64": ["@turbo/windows-arm64@2.8.20", "", { "os": "win32", "cpu": "arm64" }, "sha512-voicVULvUV5yaGXo0Iue13BcHGYW3u0VgqSbfQwBaHbpj1zLjYV4KIe+7fYIo6DO8FVUJzxFps3ODCQG/Wy2Qw=="],

    "@types/bun": ["@types/bun@1.3.11", "", { "dependencies": { "bun-types": "1.3.11" } }, "sha512-5vPne5QvtpjGpsGYXiFyycfpDF2ECyPcTSsFBMa0fraoxiQyMJ3SmuQIGhzPg2WJuWxVBoxWJ2kClYTcw/4fAg=="],

    "@types/node": ["@types/node@25.5.0", "", { "dependencies": { "undici-types": "~7.18.0" } }, "sha512-jp2P3tQMSxWugkCUKLRPVUpGaL5MVFwF8RDuSRztfwgN1wmqJeMSbKlnEtQqU8UrhTmzEmZdu2I6v2dpp7XIxw=="],

    "@types/ws": ["@types/ws@8.18.1", "", { "dependencies": { "@types/node": "*" } }, "sha512-ThVF6DCVhA8kUGy+aazFQ4kXQ7E1Ty7A3ypFOe0IcJV8O/M511G99AW24irKrW56Wt44yG9+ij8FaqoBGkuBXg=="],

    "abitype": ["abitype@1.2.3", "", { "peerDependencies": { "typescript": ">=5.0.4", "zod": "^3.22.0 || ^4.0.0" }, "optionalPeers": ["typescript", "zod"] }, "sha512-Ofer5QUnuUdTFsBRwARMoWKOH1ND5ehwYhJ3OJ/BQO+StkwQjHw0XyVh4vDttzHB7QOFhPHa/o413PJ82gU/Tg=="],

    "bun-types": ["bun-types@1.3.11", "", { "dependencies": { "@types/node": "*" } }, "sha512-1KGPpoxQWl9f6wcZh57LvrPIInQMn2TQ7jsgxqpRzg+l0QPOFvJVH7HmvHo/AiPgwXy+/Thf6Ov3EdVn1vOabg=="],

    "cross-fetch": ["cross-fetch@4.1.0", "", { "dependencies": { "node-fetch": "^2.7.0" } }, "sha512-uKm5PU+MHTootlWEY+mZ4vvXoCn4fLQxT9dSc1sXVMSFkINTJVN8cAQROpwcKm8bJ/c7rgZVIBWzH5T78sNZZw=="],

    "data-uri-to-buffer": ["data-uri-to-buffer@4.0.1", "", {}, "sha512-0R9ikRb668HB7QDxT1vkpuUBtqc53YyAwMwGeUFKRojY/NWKvdZ+9UYtRfGmhqNbRkTSVpMbmyhXipFFv2cb/A=="],

    "detect-libc": ["detect-libc@2.0.2", "", {}, "sha512-UX6sGumvvqSaXgdKGUsgZWqcUyIXZ/vZTrlRT/iobiKhGL0zL4d3osHj3uqllWJK+i+sixDS/3COVEOFbupFyw=="],

    "eventemitter3": ["eventemitter3@5.0.1", "", {}, "sha512-GWkBvjiSZK87ELrYOSESUYeVIc9mvLLf/nXalMOS5dYrgZq9o5OVkbZAVM06CVxYsCwH9BDZFPlQTlPA1j4ahA=="],

    "fetch-blob": ["fetch-blob@3.2.0", "", { "dependencies": { "node-domexception": "^1.0.0", "web-streams-polyfill": "^3.0.3" } }, "sha512-7yAQpD2UMJzLi1Dqv7qFYnPbaPx7ZfFK6PiIxQ4PfkGPyNyl2Ugx+a/umUonmKqjhM4DnfbMvdX6otXq83soQQ=="],

    "formdata-polyfill": ["formdata-polyfill@4.0.10", "", { "dependencies": { "fetch-blob": "^3.1.2" } }, "sha512-buewHzMvYL29jdeQTVILecSaZKnt/RJWjoZCF5OW60Z67/GmSLBkOFM7qh1PI3zFNtJbaZL5eQu1vLfazOwj4g=="],

    "hono": ["hono@4.12.9", "", {}, "sha512-wy3T8Zm2bsEvxKZM5w21VdHDDcwVS1yUFFY6i8UobSsKfFceT7TOwhbhfKsDyx7tYQlmRM5FLpIuYvNFyjctiA=="],

    "isows": ["isows@1.0.7", "", { "peerDependencies": { "ws": "*" } }, "sha512-I1fSfDCZL5P0v33sVqeTDSpcstAg/N+wF5HS033mogOVIp4B+oHC7oOCsA3axAbBSGTJ8QubbNmnIRN/h8U7hg=="],

    "js-base64": ["js-base64@3.7.8", "", {}, "sha512-hNngCeKxIUQiEUN3GPJOkz4wF/YvdUdbNL9hsBcMQTkKzboD7T/q3OYOuuPZLUE6dBxSGpwhk5mwuDud7JVAow=="],

    "libsql": ["libsql@0.5.29", "", { "dependencies": { "@neon-rs/load": "^0.0.4", "detect-libc": "2.0.2" }, "optionalDependencies": { "@libsql/darwin-arm64": "0.5.29", "@libsql/darwin-x64": "0.5.29", "@libsql/linux-arm-gnueabihf": "0.5.29", "@libsql/linux-arm-musleabihf": "0.5.29", "@libsql/linux-arm64-gnu": "0.5.29", "@libsql/linux-arm64-musl": "0.5.29", "@libsql/linux-x64-gnu": "0.5.29", "@libsql/linux-x64-musl": "0.5.29", "@libsql/win32-x64-msvc": "0.5.29" }, "os": [ "linux", "win32", "darwin", ], "cpu": [ "arm", "x64", "arm64", ] }, "sha512-8lMP8iMgiBzzoNbAPQ59qdVcj6UaE/Vnm+fiwX4doX4Narook0a4GPKWBEv+CR8a1OwbfkgL18uBfBjWdF0Fzg=="],

    "node-domexception": ["node-domexception@1.0.0", "", {}, "sha512-/jKZoMpw0F8GRwl4/eLROPA3cfcXtLApP0QzLmUT/HuPCZWyB7IY9ZrMeKw2O/nFIqPQB3PVM9aYm0F312AXDQ=="],

    "node-fetch": ["node-fetch@3.3.2", "", { "dependencies": { "data-uri-to-buffer": "^4.0.0", "fetch-blob": "^3.1.4", "formdata-polyfill": "^4.0.10" } }, "sha512-dRB78srN/l6gqWulah9SrxeYnxeddIG30+GOqK/9OlLVyLg3HPnr6SqOWTWOXKRwC2eGYCkZ59NNuSgvSrpgOA=="],

    "ox": ["ox@0.14.7", "", { "dependencies": { "@adraffy/ens-normalize": "^1.11.0", "@noble/ciphers": "^1.3.0", "@noble/curves": "1.9.1", "@noble/hashes": "^1.8.0", "@scure/bip32": "^1.7.0", "@scure/bip39": "^1.6.0", "abitype": "^1.2.3", "eventemitter3": "5.0.1" }, "peerDependencies": { "typescript": ">=5.4.0" }, "optionalPeers": ["typescript"] }, "sha512-zSQ/cfBdolj7U4++NAvH7sI+VG0T3pEohITCgcQj8KlawvTDY4vGVhDT64Atsm0d6adWfIYHDpu88iUBMMp+AQ=="],

    "promise-limit": ["promise-limit@2.7.0", "", {}, "sha512-7nJ6v5lnJsXwGprnGXga4wx6d1POjvi5Qmf1ivTRxTjH4Z/9Czja/UCMLVmB9N93GeWOU93XaFaEt6jbuoagNw=="],

    "stealthpay-api": ["stealthpay-api@workspace:apps/api"],

    "stealthpay-tempo": ["stealthpay-tempo@workspace:packages/sdk"],

    "stealthpay-web": ["stealthpay-web@workspace:apps/web"],

    "tr46": ["tr46@0.0.3", "", {}, "sha512-N3WMsuqV66lT30CrXNbEjx4GEwlow3v6rr4mCcv6prnfwhS01rkgyFdjPNBYd9br7LpXV1+Emh01fHnq2Gdgrw=="],

    "turbo": ["turbo@2.8.20", "", { "optionalDependencies": { "@turbo/darwin-64": "2.8.20", "@turbo/darwin-arm64": "2.8.20", "@turbo/linux-64": "2.8.20", "@turbo/linux-arm64": "2.8.20", "@turbo/windows-64": "2.8.20", "@turbo/windows-arm64": "2.8.20" }, "bin": { "turbo": "bin/turbo" } }, "sha512-Rb4qk5YT8RUwwdXtkLpkVhNEe/lor6+WV7S5tTlLpxSz6MjV5Qi8jGNn4gS6NAvrYGA/rNrE6YUQM85sCZUDbQ=="],

    "typescript": ["typescript@5.9.3", "", { "bin": { "tsc": "bin/tsc", "tsserver": "bin/tsserver" } }, "sha512-jl1vZzPDinLr9eUt3J/t7V6FgNEw9QjvBPdysz9KfQDD41fQrC2Y4vKQdiaUpFT4bXlb1RHhLpp8wtm6M5TgSw=="],

    "undici-types": ["undici-types@7.18.2", "", {}, "sha512-AsuCzffGHJybSaRrmr5eHr81mwJU3kjw6M+uprWvCXiNeN9SOGwQ3Jn8jb8m3Z6izVgknn1R0FTCEAP2QrLY/w=="],

    "viem": ["viem@2.47.6", "", { "dependencies": { "@noble/curves": "1.9.1", "@noble/hashes": "1.8.0", "@scure/bip32": "1.7.0", "@scure/bip39": "1.6.0", "abitype": "1.2.3", "isows": "1.0.7", "ox": "0.14.7", "ws": "8.18.3" }, "peerDependencies": { "typescript": ">=5.0.4" }, "optionalPeers": ["typescript"] }, "sha512-zExmbI99NGvMdYa7fmqSTLgkwh48dmhgEqFrUgkpL4kfG4XkVefZ8dZqIKVUhZo6Uhf0FrrEXOsHm9LUyIvI2Q=="],

    "web-streams-polyfill": ["web-streams-polyfill@3.3.3", "", {}, "sha512-d2JWLCivmZYTSIoge9MsgFCZrt571BikcWGYkjC1khllbTeDlGqZ2D8vD8E/lJa8WGWbb7Plm8/XJYV7IJHZZw=="],

    "webidl-conversions": ["webidl-conversions@3.0.1", "", {}, "sha512-2JAn3z8AR6rjK8Sm8orRC0h/bcl/DqL7tRPdGZ4I1CjdF+EaMLmYxBHyXuKL849eucPFhvBoxMsflfOb8kxaeQ=="],

    "whatwg-url": ["whatwg-url@5.0.0", "", { "dependencies": { "tr46": "~0.0.3", "webidl-conversions": "^3.0.0" } }, "sha512-saE57nupxk6v3HY35+jzBwYa0rKSy0XR8JSxZPwgLr7ys0IBzhGviA1/TUGJLmSVqs8pb9AnvICXEuOHLprYTw=="],

    "ws": ["ws@8.18.3", "", { "peerDependencies": { "bufferutil": "^4.0.1", "utf-8-validate": ">=5.0.2" }, "optionalPeers": ["bufferutil", "utf-8-validate"] }, "sha512-PEIGCY5tSlUt50cqyMXfCzX+oOPqN0vuGqWzbcJ2xvnkzkq46oOpz7dQaTDBdfICb4N14+GARUDw2XV2N4tvzg=="],

    "cross-fetch/node-fetch": ["node-fetch@2.7.0", "", { "dependencies": { "whatwg-url": "^5.0.0" }, "peerDependencies": { "encoding": "^0.1.0" }, "optionalPeers": ["encoding"] }, "sha512-c4FRfUm/dbcWZ7U+1Wq0AwCyFL+3nt2bEw05wfxSz+DWpWsitgmSgYmy2dQdWyKC1694ELPqMs/YzUSNozLt8A=="],
  }
}
